{
  "name": "parser.js",
  "version": "1.0.0",
  "lockfileVersion": 2,
  "requires": true,
  "packages": {
    "": {
      "version": "1.0.0",
      "license": "ISC",
      "dependencies": {
        "@pablo-mayrgundter/testing.js": "^1.0.0"
      }
    },
    "node_modules/@pablo-mayrgundter/testing.js": {
      "version": "1.0.0",
      "resolved": "https://npm.pkg.github.com/download/@pablo-mayrgundter/testing.js/1.0.0/02566115d40d242202a69e75d937718df1f427a892214f32050f580ce18096a2",
      "integrity": "sha512-ZvWLGUSaXsoS6M9dIy/gRmZcEUp+N9PnSBsLNUom/DII6ojyYrcUfr3E4PbzwLcKPBFynIn/gGmwI78L5c1TQw==",
      "license": "ISC"
    }
  },
  "dependencies": {
    "@pablo-mayrgundter/testing.js": {
      "version": "1.0.0",
      "resolved": "https://npm.pkg.github.com/download/@pablo-mayrgundter/testing.js/1.0.0/02566115d40d242202a69e75d937718df1f427a892214f32050f580ce18096a2",
      "integrity": "sha512-ZvWLGUSaXsoS6M9dIy/gRmZcEUp+N9PnSBsLNUom/DII6ojyYrcUfr3E4PbzwLcKPBFynIn/gGmwI78L5c1TQw=="
    }
  }
}
